// !$*UTF8*$!
{
	archiveVersion = 1;
	classes = {
	};
	objectVersion = 50;
	objects = {

/* Begin PBXBuildFile section */
		6D69E0702362D96200D8473A /* AppDelegate.swift in Sources */ = {isa = PBXBuildFile; fileRef = 6D69E06F2362D96200D8473A /* AppDelegate.swift */; };
		6D69E0722362D96200D8473A /* SceneDelegate.swift in Sources */ = {isa = PBXBuildFile; fileRef = 6D69E0712362D96200D8473A /* SceneDelegate.swift */; };
		6D69E0742362D96200D8473A /* ViewController.swift in Sources */ = {isa = PBXBuildFile; fileRef = 6D69E0732362D96200D8473A /* ViewController.swift */; };
		6D69E0772362D96200D8473A /* Main.storyboard in Resources */ = {isa = PBXBuildFile; fileRef = 6D69E0752362D96200D8473A /* Main.storyboard */; };
		6D69E0792362D96400D8473A /* Assets.xcassets in Resources */ = {isa = PBXBuildFile; fileRef = 6D69E0782362D96400D8473A /* Assets.xcassets */; };
		6D69E07C2362D96400D8473A /* LaunchScreen.storyboard in Resources */ = {isa = PBXBuildFile; fileRef = 6D69E07A2362D96400D8473A /* LaunchScreen.storyboard */; };
		6D69E0842362DEBF00D8473A /* changeBackgroundColor.swift in Sources */ = {isa = PBXBuildFile; fileRef = 6D69E0832362DEBF00D8473A /* changeBackgroundColor.swift */; };
/* End PBXBuildFile section */

/* Begin PBXFileReference section */
		6D69E06C2362D96200D8473A /* Day06_UI_exercises.app */ = {isa = PBXFileReference; explicitFileType = wrapper.application; includeInIndex = 0; path = Day06_UI_exercises.app; sourceTree = BUILT_PRODUCTS_DIR; };
		6D69E06F2362D96200D8473A /* AppDelegate.swift */ = {isa = PBXFileReference; lastKnownFileType = sourcecode.swift; path = AppDelegate.swift; sourceTree = "<group>"; };
		6D69E0712362D96200D8473A /* SceneDelegate.swift */ = {isa = PBXFileReference; lastKnownFileType = sourcecode.swift; path = SceneDelegate.swift; sourceTree = "<group>"; };
		6D69E0732362D96200D8473A /* ViewController.swift */ = {isa = PBXFileReference; lastKnownFileType = sourcecode.swift; path = ViewController.swift; sourceTree = "<group>"; };
		6D69E0762362D96200D8473A /* Base */ = {isa = PBXFileReference; lastKnownFileType = file.storyboard; name = Base; path = Base.lproj/Main.storyboard; sourceTree = "<group>"; };
		6D69E0782362D96400D8473A /* Assets.xcassets */ = {isa = PBXFileReference; lastKnownFileType = folder.assetcatalog; path = Assets.xcassets; sourceTree = "<group>"; };
		6D69E07B2362D96400D8473A /* Base */ = {isa = PBXFileReference; lastKnownFileType = file.storyboard; name = Base; path = Base.lproj/LaunchScreen.storyboard; sourceTree = "<group>"; };
		6D69E07D2362D96400D8473A /* Info.plist */ = {isa = PBXFileReference; lastKnownFileType = text.plist.xml; path = Info.plist; sourceTree = "<group>"; };
		6D69E0832362DEBF00D8473A /* changeBackgroundColor.swift */ = {isa = PBXFileReference; lastKnownFileType = sourcecode.swift; path = changeBackgroundColor.swift; sourceTree = "<group>"; };
/* End PBXFileReference section */

/* Begin PBXFrameworksBuildPhase section */
		6D69E0692362D96200D8473A /* Frameworks */ = {
			isa = PBXFrameworksBuildPhase;
			buildActionMask = 2147483647;
			files = (
			);
			runOnlyForDeploymentPostprocessing = 0;
		};
/* End PBXFrameworksBuildPhase section */

/* Begin PBXGroup section */
		6D69E0632362D96200D8473A = {
			isa = PBXGroup;
			children = (
				6D69E06E2362D96200D8473A /* Day06_UI_exercises */,
				6D69E06D2362D96200D8473A /* Products */,
			);
			sourceTree = "<group>";
		};
		6D69E06D2362D96200D8473A /* Products */ = {
			isa = PBXGroup;
			children = (
				6D69E06C2362D96200D8473A /* Day06_UI_exercises.app */,
			);
			name = Products;
			sourceTree = "<group>";
		};
		6D69E06E2362D96200D8473A /* Day06_UI_exercises */ = {
			isa = PBXGroup;
			children = (
				6D69E06F2362D96200D8473A /* AppDelegate.swift */,
				6D69E0712362D96200D8473A /* SceneDelegate.swift */,
				6D69E0732362D96200D8473A /* ViewController.swift */,
				6D69E0832362DEBF00D8473A /* changeBackgroundColor.swift */,
				6D69E0752362D96200D8473A /* Main.storyboard */,
				6D69E0782362D96400D8473A /* Assets.xcassets */,
				6D69E07A2362D96400D8473A /* LaunchScreen.storyboard */,
				6D69E07D2362D96400D8473A /* Info.plist */,
			);
			path = Day06_UI_exercises;
			sourceTree = "<group>";
		};
/* End PBXGroup section */

/* Begin PBXNativeTarget section */
		6D69E06B2362D96200D8473A /* Day06_UI_exercises */ = {
			isa = PBXNativeTarget;
			buildConfigurationList = 6D69E0802362D96400D8473A /* Build configuration list for PBXNativeTarget "Day06_UI_exercises" */;
			buildPhases = (
				6D69E0682362D96200D8473A /* Sources */,
				6D69E0692362D96200D8473A /* Frameworks */,
				6D69E06A2362D96200D8473A /* Resources */,
			);
			buildRules = (
			);
			dependencies = (
			);
			name = Day06_UI_exercises;
			productName = Day06_UI_exercises;
			productReference = 6D69E06C2362D96200D8473A /* Day06_UI_exercises.app */;
			productType = "com.apple.product-type.application";
		};
/* End PBXNativeTarget section */

/* Begin PBXProject section */
		6D69E0642362D96200D8473A /* Project object */ = {
			isa = PBXProject;
			attributes = {
				LastSwiftUpdateCheck = 1110;
				LastUpgradeCheck = 1110;
				ORGANIZATIONNAME = "Hoang Tung";
				TargetAttributes = {
					6D69E06B2362D96200D8473A = {
						CreatedOnToolsVersion = 11.1;
					};
				};
			};
			buildConfigurationList = 6D69E0672362D96200D8473A /* Build configuration list for PBXProject "Day06_UI_exercises" */;
			compatibilityVersion = "Xcode 9.3";
			developmentRegion = en;
			hasScannedForEncodings = 0;
			knownRegions = (
				en,
				Base,
			);
			mainGroup = 6D69E0632362D96200D8473A;
			productRefGroup = 6D69E06D2362D96200D8473A /* Products */;
			projectDirPath = "";
			projectRoot = "";
			targets = (
				6D69E06B2362D96200D8473A /* Day06_UI_exercises */,
			);
		};
/* End PBXProject section */

/* Begin PBXResourcesBuildPhase section */
		6D69E06A2362D96200D8473A /* Resources */ = {
			isa = PBXResourcesBuildPhase;
			buildActionMask = 2147483647;
			files = (
				6D69E07C2362D96400D8473A /* LaunchScreen.storyboard in Resources */,
				6D69E0792362D96400D8473A /* Assets.xcassets in Resources */,
				6D69E0772362D96200D8473A /* Main.storyboard in Resources */,
			);
			runOnlyForDeploymentPostprocessing = 0;
		};
/* End PBXResourcesBuildPhase section */

/* Begin PBXSourcesBuildPhase section */
		6D69E0682362D96200D8473A /* Sources */ = {
			isa = PBXSourcesBuildPhase;
			buildActionMask = 2147483647;
			files = (
				6D69E0742362D96200D8473A /* ViewController.swift in Sources */,
				6D69E0702362D96200D8473A /* AppDelegate.swift in Sources */,
				6D69E0722362D96200D8473A /* SceneDelegate.swift in Sources */,
				6D69E0842362DEBF00D8473A /* changeBackgroundColor.swift in Sources */,
			);
			runOnlyForDeploymentPostprocessing = 0;
		};
/* End PBXSourcesBuildPhase section */

/* Begin PBXVariantGroup section */
		6D69E0752362D96200D8473A /* Main.storyboard */ = {
			isa = PBXVariantGroup;
			children = (
				6D69E0762362D96200D8473A /* Base */,
			);
			name = Main.storyboard;
			sourceTree = "<group>";
		};
		6D69E07A2362D96400D8473A /* LaunchScreen.storyboard */ = {
			isa = PBXVariantGroup;
			children = (
				6D69E07B2362D96400D8473A /* Base */,
			);
			name = LaunchScreen.storyboard;
			sourceTree = "<group>";
		};
/* End PBXVariantGroup section */

/* Begin XCBuildConfiguration section */
		6D69E07E2362D96400D8473A /* Debug */ = {
			isa = XCBuildConfiguration;
			buildSettings = {
				ALWAYS_SEARCH_USER_PATHS = NO;
				CLANG_ANALYZER_NONNULL = YES;
				CLANG_ANALYZER_NUMBER_OBJECT_CONVERSION = YES_AGGRESSIVE;
				CLANG_CXX_LANGUAGE_STANDARD = "gnu++14";
				CLANG_CXX_LIBRARY = "libc++";
				CLANG_ENABLE_MODULES = YES;
				CLANG_ENABLE_OBJC_ARC = YES;
				CLANG_ENABLE_OBJC_WEAK = YES;
				CLANG_WARN_BLOCK_CAPTURE_AUTORELEASING = YES;
				CLANG_WARN_BOOL_CONVERSION = YES;
				CLANG_WARN_COMMA = YES;
				CLANG_WARN_CONSTANT_CONVERSION = YES;
				CLANG_WARN_DEPRECATED_OBJC_IMPLEMENTATIONS = YES;
				CLANG_WARN_DIRECT_OBJC_ISA_USAGE = YES_ERROR;
				CLANG_WARN_DOCUMENTATION_COMMENTS = YES;
				CLANG_WARN_EMPTY_BODY = YES;
				CLANG_WARN_ENUM_CONVERSION = YES;
				CLANG_WARN_INFINITE_RECURSION = YES;
				CLANG_WARN_INT_CONVERSION = YES;
				CLANG_WARN_NON_LITERAL_NULL_CONVERSION = YES;
				CLANG_WARN_OBJC_IMPLICIT_RETAIN_SELF = YES;
				CLANG_WARN_OBJC_LITERAL_CONVERSION = YES;
				CLANG_WARN_OBJC_ROOT_CLASS = YES_ERROR;
				CLANG_WARN_RANGE_LOOP_ANALYSIS = YES;
				CLANG_WARN_STRICT_PROTOTYPES = YES;
				CLANG_WARN_SUSPICIOUS_MOVE = YES;
				CLANG_WARN_UNGUARDED_AVAILABILITY = YES_AGGRESSIVE;
				CLANG_WARN_UNREACHABLE_CODE = YES;
				CLANG_WARN__DUPLICATE_METHOD_MATCH = YES;
				COPY_PHASE_STRIP = NO;
				DEBUG_INFORMATION_FORMAT = dwarf;
				ENABLE_STRICT_OBJC_MSGSEND = YES;
				ENABLE_TESTABILITY = YES;
				GCC_C_LANGUAGE_STANDARD = gnu11;
				GCC_DYNAMIC_NO_PIC = NO;
				GCC_NO_COMMON_BLOCKS = YES;
				GCC_OPTIMIZATION_LEVEL = 0;
				GCC_PREPROCESSOR_DEFINITIONS = (
					"DEBUG=1",
					"$(inherited)",
				);
				GCC_WARN_64_TO_32_BIT_CONVERSION = YES;
				GCC_WARN_ABOUT_RETURN_TYPE = YES_ERROR;
				GCC_WARN_UNDECLARED_SELECTOR = YES;
				GCC_WARN_UNINITIALIZED_AUTOS = YES_AGGRESSIVE;
				GCC_WARN_UNUSED_FUNCTION = YES;
				GCC_WARN_UNUSED_VARIABLE = YES;
				IPHONEOS_DEPLOYMENT_TARGET = 13.1;
				MTL_ENABLE_DEBUG_INFO = INCLUDE_SOURCE;
				MTL_FAST_MATH = YES;
				ONLY_ACTIVE_ARCH = YES;
				SDKROOT = iphoneos;
				SWIFT_ACTIVE_COMPILATION_CONDITIONS = DEBUG;
				SWIFT_OPTIMIZATION_LEVEL = "-Onone";
			};
			name = Debug;
		};
		6D69E07F2362D96400D8473A /* Release */ = {
			isa = XCBuildConfiguration;
			buildSettings = {
				ALWAYS_SEARCH_USER_PATHS = NO;
				CLANG_ANALYZER_NONNULL = YES;
				CLANG_ANALYZER_NUMBER_OBJECT_CONVERSION = YES_AGGRESSIVE;
				CLANG_CXX_LANGUAGE_STANDARD = "gnu++14";
				CLANG_CXX_LIBRARY = "libc++";
				CLANG_ENABLE_MODULES = YES;
				CLANG_ENABLE_OBJC_ARC = YES;
				CLANG_ENABLE_OBJC_WEAK = YES;
				CLANG_WARN_BLOCK_CAPTURE_AUTORELEASING = YES;
				CLANG_WARN_BOOL_CONVERSION = YES;
				CLANG_WARN_COMMA = YES;
				CLANG_WARN_CONSTANT_CONVERSION = YES;
				CLANG_WARN_DEPRECATED_OBJC_IMPLEMENTATIONS = YES;
				CLANG_WARN_DIRECT_OBJC_ISA_USAGE = YES_ERROR;
				CLANG_WARN_DOCUMENTATION_COMMENTS = YES;
				CLANG_WARN_EMPTY_BODY = YES;
				CLANG_WARN_ENUM_CONVERSION = YES;
				CLANG_WARN_INFINITE_RECURSION = YES;
				CLANG_WARN_INT_CONVERSION = YES;
				CLANG_WARN_NON_LITERAL_NULL_CONVERSION = YES;
				CLANG_WARN_OBJC_IMPLICIT_RETAIN_SELF = YES;
				CLANG_WARN_OBJC_LITERAL_CONVERSION = YES;
				CLANG_WARN_OBJC_ROOT_CLASS = YES_ERROR;
				CLANG_WARN_RANGE_LOOP_ANALYSIS = YES;
				CLANG_WARN_STRICT_PROTOTYPES = YES;
				CLANG_WARN_SUSPICIOUS_MOVE = YES;
				CLANG_WARN_UNGUARDED_AVAILABILITY = YES_AGGRESSIVE;
				CLANG_WARN_UNREACHABLE_CODE = YES;
				CLANG_WARN__DUPLICATE_METHOD_MATCH = YES;
				COPY_PHASE_STRIP = NO;
				DEBUG_INFORMATION_FORMAT = "dwarf-with-dsym";
				ENABLE_NS_ASSERTIONS = NO;
				ENABLE_STRICT_OBJC_MSGSEND = YES;
				GCC_C_LANGUAGE_STANDARD = gnu11;
				GCC_NO_COMMON_BLOCKS = YES;
				GCC_WARN_64_TO_32_BIT_CONVERSION = YES;
				GCC_WARN_ABOUT_RETURN_TYPE = YES_ERROR;
				GCC_WARN_UNDECLARED_SELECTOR = YES;
				GCC_WARN_UNINITIALIZED_AUTOS = YES_AGGRESSIVE;
				GCC_WARN_UNUSED_FUNCTION = YES;
				GCC_WARN_UNUSED_VARIABLE = YES;
				IPHONEOS_DEPLOYMENT_TARGET = 13.1;
				MTL_ENABLE_DEBUG_INFO = NO;
				MTL_FAST_MATH = YES;
				SDKROOT = iphoneos;
				SWIFT_COMPILATION_MODE = wholemodule;
				SWIFT_OPTIMIZATION_LEVEL = "-O";
				VALIDATE_PRODUCT = YES;
			};
			name = Release;
		};
		6D69E0812362D96400D8473A /* Debug */ = {
			isa = XCBuildConfiguration;
			buildSettings = {
				ASSETCATALOG_COMPILER_APPICON_NAME = AppIcon;
				CODE_SIGN_STYLE = Automatic;
				DEVELOPMENT_TEAM = 448WS6UWDS;
				INFOPLIST_FILE = Day06_UI_exercises/Info.plist;
				LD_RUNPATH_SEARCH_PATHS = (
					"$(inherited)",
					"@executable_path/Frameworks",
				);
				PRODUCT_BUNDLE_IDENTIFIER = "tung.Day06-UI-exercises";
				PRODUCT_NAME = "$(TARGET_NAME)";
				SWIFT_VERSION = 5.0;
				TARGETED_DEVICE_FAMILY = "1,2";
			};
			name = Debug;
		};
		6D69E0822362D96400D8473A /* Release */ = {
			isa = XCBuildConfiguration;
			buildSettings = {
				ASSETCATALOG_COMPILER_APPICON_NAME = AppIcon;
				CODE_SIGN_STYLE = Automatic;
				DEVELOPMENT_TEAM = 448WS6UWDS;
				INFOPLIST_FILE = Day06_UI_exercises/Info.plist;
				LD_RUNPATH_SEARCH_PATHS = (
					"$(inherited)",
					"@executable_path/Frameworks",
				);
				PRODUCT_BUNDLE_IDENTIFIER = "tung.Day06-UI-exercises";
				PRODUCT_NAME = "$(TARGET_NAME)";
				SWIFT_VERSION = 5.0;
				TARGETED_DEVICE_FAMILY = "1,2";
			};
			name = Release;
		};
/* End XCBuildConfiguration section */

/* Begin XCConfigurationList section */
		6D69E0672362D96200D8473A /* Build configuration list for PBXProject "Day06_UI_exercises" */ = {
			isa = XCConfigurationList;
			buildConfigurations = (
				6D69E07E2362D96400D8473A /* Debug */,
				6D69E07F2362D96400D8473A /* Release */,
			);
			defaultConfigurationIsVisible = 0;
			defaultConfigurationName = Release;
		};
		6D69E0802362D96400D8473A /* Build configuration list for PBXNativeTarget "Day06_UI_exercises" */ = {
			isa = XCConfigurationList;
			buildConfigurations = (
				6D69E0812362D96400D8473A /* Debug */,
				6D69E0822362D96400D8473A /* Release */,
			);
			defaultConfigurationIsVisible = 0;
			defaultConfigurationName = Release;
		};
/* End XCConfigurationList section */
	};
	rootObject = 6D69E0642362D96200D8473A /* Project object */;
}
